
Microsoft Visual Studio Solution File, Format Version 12.00
# Visual Studio Version 16
VisualStudioVersion = 16.0.29728.190
MinimumVisualStudioVersion = 10.0.40219.1
Project("{FAE04EC0-301F-11D3-BF4B-00C04F79EFBC}") = "Campeonato", "Campeonato\Campeonato.csproj", "{CA49AEAB-DA21-4A5C-9B14-F695F486401C}"
EndProject
Global
	GlobalSection(SolutionConfigurationPlatforms) = preSolution
		Debug|Any CPU = Debug|Any CPU
		Release|Any CPU = Release|Any CPU
	EndGlobalSection
	GlobalSection(ProjectConfigurationPlatforms) = postSolution
		{CA49AEAB-DA21-4A5C-9B14-F695F486401C}.Debug|Any CPU.ActiveCfg = Debug|Any CPU
		{CA49AEAB-DA21-4A5C-9B14-F695F486401C}.Debug|Any CPU.Build.0 = Debug|Any CPU
		{CA49AEAB-DA21-4A5C-9B14-F695F486401C}.Release|Any CPU.ActiveCfg = Release|Any CPU
		{CA49AEAB-DA21-4A5C-9B14-F695F486401C}.Release|Any CPU.Build.0 = Release|Any CPU
	EndGlobalSection
	GlobalSection(SolutionProperties) = preSolution
		HideSolutionNode = FALSE
	EndGlobalSection
	GlobalSection(ExtensibilityGlobals) = postSolution
		SolutionGuid = {0EE9FA36-4EC1-4135-A1F4-29856A02128D}
	EndGlobalSection
EndGlobal
